
Microsoft Visual Studio Solution File, Format Version 12.00
# Visual Studio Version 16
VisualStudioVersion = 16.0.31205.134
MinimumVisualStudioVersion = 10.0.40219.1
Project("{FAE04EC0-301F-11D3-BF4B-00C04F79EFBC}") = "Practico1", "Practico1\Practico1.csproj", "{B0A5EA60-911A-4AF9-B620-2D854702B379}"
EndProject
Project("{FAE04EC0-301F-11D3-BF4B-00C04F79EFBC}") = "Shared", "Shared\Shared.csproj", "{955FE366-8128-429F-ACE8-360EDBC8703F}"
EndProject
Global
	GlobalSection(SolutionConfigurationPlatforms) = preSolution
		Debug|Any CPU = Debug|Any CPU
		Release|Any CPU = Release|Any CPU
	EndGlobalSection
	GlobalSection(ProjectConfigurationPlatforms) = postSolution
		{B0A5EA60-911A-4AF9-B620-2D854702B379}.Debug|Any CPU.ActiveCfg = Debug|Any CPU
		{B0A5EA60-911A-4AF9-B620-2D854702B379}.Debug|Any CPU.Build.0 = Debug|Any CPU
		{B0A5EA60-911A-4AF9-B620-2D854702B379}.Release|Any CPU.ActiveCfg = Release|Any CPU
		{B0A5EA60-911A-4AF9-B620-2D854702B379}.Release|Any CPU.Build.0 = Release|Any CPU
		{955FE366-8128-429F-ACE8-360EDBC8703F}.Debug|Any CPU.ActiveCfg = Debug|Any CPU
		{955FE366-8128-429F-ACE8-360EDBC8703F}.Debug|Any CPU.Build.0 = Debug|Any CPU
		{955FE366-8128-429F-ACE8-360EDBC8703F}.Release|Any CPU.ActiveCfg = Release|Any CPU
		{955FE366-8128-429F-ACE8-360EDBC8703F}.Release|Any CPU.Build.0 = Release|Any CPU
	EndGlobalSection
	GlobalSection(SolutionProperties) = preSolution
		HideSolutionNode = FALSE
	EndGlobalSection
	GlobalSection(ExtensibilityGlobals) = postSolution
		SolutionGuid = {C8A82C32-D57E-4D64-99DE-72DE15349E95}
	EndGlobalSection
EndGlobal
